
Microsoft Visual Studio Solution File, Format Version 12.00
# Visual Studio Version 17
VisualStudioVersion = 17.0.31903.59
MinimumVisualStudioVersion = 10.0.40219.1
Project("{9A19103F-16F7-4668-BE54-9A1E7A4F7556}") = "TMech.Core", "src\TMech.Core.csproj", "{5BDF7DFD-CAE0-4661-A666-F560CF7ADF77}"
EndProject
Project("{9A19103F-16F7-4668-BE54-9A1E7A4F7556}") = "Tests", "Test\Tests.csproj", "{8BF3D467-1269-4C41-BC9B-0D0C2F4B0103}"
EndProject
Global
	GlobalSection(SolutionConfigurationPlatforms) = preSolution
		Debug|Any CPU = Debug|Any CPU
		Debug|x64 = Debug|x64
		Release|Any CPU = Release|Any CPU
		Release|x64 = Release|x64
	EndGlobalSection
	GlobalSection(ProjectConfigurationPlatforms) = postSolution
		{5BDF7DFD-CAE0-4661-A666-F560CF7ADF77}.Debug|Any CPU.ActiveCfg = Debug|x64
		{5BDF7DFD-CAE0-4661-A666-F560CF7ADF77}.Debug|Any CPU.Build.0 = Debug|x64
		{5BDF7DFD-CAE0-4661-A666-F560CF7ADF77}.Debug|x64.ActiveCfg = Debug|x64
		{5BDF7DFD-CAE0-4661-A666-F560CF7ADF77}.Debug|x64.Build.0 = Debug|x64
		{5BDF7DFD-CAE0-4661-A666-F560CF7ADF77}.Release|Any CPU.ActiveCfg = Release|Any CPU
		{5BDF7DFD-CAE0-4661-A666-F560CF7ADF77}.Release|Any CPU.Build.0 = Release|Any CPU
		{5BDF7DFD-CAE0-4661-A666-F560CF7ADF77}.Release|x64.ActiveCfg = Release|Any CPU
		{5BDF7DFD-CAE0-4661-A666-F560CF7ADF77}.Release|x64.Build.0 = Release|Any CPU
		{8BF3D467-1269-4C41-BC9B-0D0C2F4B0103}.Debug|Any CPU.ActiveCfg = Debug|x64
		{8BF3D467-1269-4C41-BC9B-0D0C2F4B0103}.Debug|Any CPU.Build.0 = Debug|x64
		{8BF3D467-1269-4C41-BC9B-0D0C2F4B0103}.Debug|x64.ActiveCfg = Debug|x64
		{8BF3D467-1269-4C41-BC9B-0D0C2F4B0103}.Debug|x64.Build.0 = Debug|x64
		{8BF3D467-1269-4C41-BC9B-0D0C2F4B0103}.Release|Any CPU.ActiveCfg = Release|Any CPU
		{8BF3D467-1269-4C41-BC9B-0D0C2F4B0103}.Release|Any CPU.Build.0 = Release|Any CPU
		{8BF3D467-1269-4C41-BC9B-0D0C2F4B0103}.Release|x64.ActiveCfg = Release|x64
		{8BF3D467-1269-4C41-BC9B-0D0C2F4B0103}.Release|x64.Build.0 = Release|x64
	EndGlobalSection
	GlobalSection(SolutionProperties) = preSolution
		HideSolutionNode = FALSE
	EndGlobalSection
	GlobalSection(ExtensibilityGlobals) = postSolution
		SolutionGuid = {F15F74D4-3221-460D-A60B-2BEDA5777EA3}
	EndGlobalSection
EndGlobal
